
Microsoft Visual Studio Solution File, Format Version 11.00
# Visual Studio 2010
Project("{FAE04EC0-301F-11D3-BF4B-00C04F79EFBC}") = "Pico.Platform", "Pico.Platform.csproj", "{eba5ef3c-541f-f3ef-53cb-97016476f813}"
EndProject
Project("{FAE04EC0-301F-11D3-BF4B-00C04F79EFBC}") = "Unity.XR.PicoXR", "Unity.XR.PicoXR.csproj", "{05c57c08-7ae1-eb24-cfde-0dcbd6dbce33}"
EndProject
Project("{FAE04EC0-301F-11D3-BF4B-00C04F79EFBC}") = "IngameDebugConsole.Runtime", "IngameDebugConsole.Runtime.csproj", "{6a60cb6c-1685-0bce-19e4-10679e78f167}"
EndProject
Project("{FAE04EC0-301F-11D3-BF4B-00C04F79EFBC}") = "Pico.Spatializer.Example", "Pico.Spatializer.Example.csproj", "{c1a44860-a347-3242-b2df-1bcebc5b8940}"
EndProject
Project("{FAE04EC0-301F-11D3-BF4B-00C04F79EFBC}") = "Assembly-CSharp", "Assembly-CSharp.csproj", "{e25bdd23-4539-4a2e-f31d-abc18a25185a}"
EndProject
Project("{FAE04EC0-301F-11D3-BF4B-00C04F79EFBC}") = "Pico.Spatializer", "Pico.Spatializer.csproj", "{1c7f29a6-9683-bf91-58cb-18e406748eb4}"
EndProject
Project("{FAE04EC0-301F-11D3-BF4B-00C04F79EFBC}") = "Unity.XR.PicoXR.Editor", "Unity.XR.PicoXR.Editor.csproj", "{a4eb79e5-c607-39cf-9e17-7f6ea3699e8e}"
EndProject
Project("{FAE04EC0-301F-11D3-BF4B-00C04F79EFBC}") = "Pico.Spatializer.Editor", "Pico.Spatializer.Editor.csproj", "{54f3471a-7f1b-06c2-dfdf-458cdf7cbc68}"
EndProject
Project("{FAE04EC0-301F-11D3-BF4B-00C04F79EFBC}") = "IngameDebugConsole.Editor", "IngameDebugConsole.Editor.csproj", "{3fa68513-51f3-419c-b02a-3854517ebe34}"
EndProject
Global
	GlobalSection(SolutionConfigurationPlatforms) = preSolution
		Debug|Any CPU = Debug|Any CPU
		Release|Any CPU = Release|Any CPU
	EndGlobalSection
	GlobalSection(ProjectConfigurationPlatforms) = postSolution
		{eba5ef3c-541f-f3ef-53cb-97016476f813}.Debug|Any CPU.ActiveCfg = Debug|Any CPU
		{eba5ef3c-541f-f3ef-53cb-97016476f813}.Debug|Any CPU.Build.0 = Debug|Any CPU
		{eba5ef3c-541f-f3ef-53cb-97016476f813}.Release|Any CPU.ActiveCfg = Release|Any CPU
		{eba5ef3c-541f-f3ef-53cb-97016476f813}.Release|Any CPU.Build.0 = Release|Any CPU
		{05c57c08-7ae1-eb24-cfde-0dcbd6dbce33}.Debug|Any CPU.ActiveCfg = Debug|Any CPU
		{05c57c08-7ae1-eb24-cfde-0dcbd6dbce33}.Debug|Any CPU.Build.0 = Debug|Any CPU
		{05c57c08-7ae1-eb24-cfde-0dcbd6dbce33}.Release|Any CPU.ActiveCfg = Release|Any CPU
		{05c57c08-7ae1-eb24-cfde-0dcbd6dbce33}.Release|Any CPU.Build.0 = Release|Any CPU
		{6a60cb6c-1685-0bce-19e4-10679e78f167}.Debug|Any CPU.ActiveCfg = Debug|Any CPU
		{6a60cb6c-1685-0bce-19e4-10679e78f167}.Debug|Any CPU.Build.0 = Debug|Any CPU
		{6a60cb6c-1685-0bce-19e4-10679e78f167}.Release|Any CPU.ActiveCfg = Release|Any CPU
		{6a60cb6c-1685-0bce-19e4-10679e78f167}.Release|Any CPU.Build.0 = Release|Any CPU
		{c1a44860-a347-3242-b2df-1bcebc5b8940}.Debug|Any CPU.ActiveCfg = Debug|Any CPU
		{c1a44860-a347-3242-b2df-1bcebc5b8940}.Debug|Any CPU.Build.0 = Debug|Any CPU
		{c1a44860-a347-3242-b2df-1bcebc5b8940}.Release|Any CPU.ActiveCfg = Release|Any CPU
		{c1a44860-a347-3242-b2df-1bcebc5b8940}.Release|Any CPU.Build.0 = Release|Any CPU
		{e25bdd23-4539-4a2e-f31d-abc18a25185a}.Debug|Any CPU.ActiveCfg = Debug|Any CPU
		{e25bdd23-4539-4a2e-f31d-abc18a25185a}.Debug|Any CPU.Build.0 = Debug|Any CPU
		{e25bdd23-4539-4a2e-f31d-abc18a25185a}.Release|Any CPU.ActiveCfg = Release|Any CPU
		{e25bdd23-4539-4a2e-f31d-abc18a25185a}.Release|Any CPU.Build.0 = Release|Any CPU
		{1c7f29a6-9683-bf91-58cb-18e406748eb4}.Debug|Any CPU.ActiveCfg = Debug|Any CPU
		{1c7f29a6-9683-bf91-58cb-18e406748eb4}.Debug|Any CPU.Build.0 = Debug|Any CPU
		{1c7f29a6-9683-bf91-58cb-18e406748eb4}.Release|Any CPU.ActiveCfg = Release|Any CPU
		{1c7f29a6-9683-bf91-58cb-18e406748eb4}.Release|Any CPU.Build.0 = Release|Any CPU
		{a4eb79e5-c607-39cf-9e17-7f6ea3699e8e}.Debug|Any CPU.ActiveCfg = Debug|Any CPU
		{a4eb79e5-c607-39cf-9e17-7f6ea3699e8e}.Debug|Any CPU.Build.0 = Debug|Any CPU
		{a4eb79e5-c607-39cf-9e17-7f6ea3699e8e}.Release|Any CPU.ActiveCfg = Release|Any CPU
		{a4eb79e5-c607-39cf-9e17-7f6ea3699e8e}.Release|Any CPU.Build.0 = Release|Any CPU
		{54f3471a-7f1b-06c2-dfdf-458cdf7cbc68}.Debug|Any CPU.ActiveCfg = Debug|Any CPU
		{54f3471a-7f1b-06c2-dfdf-458cdf7cbc68}.Debug|Any CPU.Build.0 = Debug|Any CPU
		{54f3471a-7f1b-06c2-dfdf-458cdf7cbc68}.Release|Any CPU.ActiveCfg = Release|Any CPU
		{54f3471a-7f1b-06c2-dfdf-458cdf7cbc68}.Release|Any CPU.Build.0 = Release|Any CPU
		{3fa68513-51f3-419c-b02a-3854517ebe34}.Debug|Any CPU.ActiveCfg = Debug|Any CPU
		{3fa68513-51f3-419c-b02a-3854517ebe34}.Debug|Any CPU.Build.0 = Debug|Any CPU
		{3fa68513-51f3-419c-b02a-3854517ebe34}.Release|Any CPU.ActiveCfg = Release|Any CPU
		{3fa68513-51f3-419c-b02a-3854517ebe34}.Release|Any CPU.Build.0 = Release|Any CPU
	EndGlobalSection
	GlobalSection(SolutionProperties) = preSolution
		HideSolutionNode = FALSE
	EndGlobalSection
EndGlobal
