
Microsoft Visual Studio Solution File, Format Version 11.00
# Visual Studio 2010
Project("{FAE04EC0-301F-11D3-BF4B-00C04F79EFBC}") = "Assembly-CSharp", "Assembly-CSharp.csproj", "{9c38f504-10c6-fec7-9327-631f65c14727}"
EndProject
Project("{FAE04EC0-301F-11D3-BF4B-00C04F79EFBC}") = "Pico.Platform", "Pico.Platform.csproj", "{67730af3-be1f-b090-b1c3-8b0152c0c823}"
EndProject
Project("{FAE04EC0-301F-11D3-BF4B-00C04F79EFBC}") = "Unity.XR.PicoXR", "Unity.XR.PicoXR.csproj", "{8bd54d1d-edf6-57e5-7e7d-4185004f36d2}"
EndProject
Project("{FAE04EC0-301F-11D3-BF4B-00C04F79EFBC}") = "Unity.XR.PicoXR.Editor", "Unity.XR.PicoXR.Editor.csproj", "{404333de-242d-55d4-6166-f9daf3dcf369}"
EndProject
Project("{FAE04EC0-301F-11D3-BF4B-00C04F79EFBC}") = "Assembly-CSharp-firstpass", "Assembly-CSharp-firstpass.csproj", "{d07ef6d4-19f0-3b12-8550-101cc97ababb}"
EndProject
Global
	GlobalSection(SolutionConfigurationPlatforms) = preSolution
		Debug|Any CPU = Debug|Any CPU
	EndGlobalSection
	GlobalSection(ProjectConfigurationPlatforms) = postSolution
		{9c38f504-10c6-fec7-9327-631f65c14727}.Debug|Any CPU.ActiveCfg = Debug|Any CPU
		{9c38f504-10c6-fec7-9327-631f65c14727}.Debug|Any CPU.Build.0 = Debug|Any CPU
		{67730af3-be1f-b090-b1c3-8b0152c0c823}.Debug|Any CPU.ActiveCfg = Debug|Any CPU
		{67730af3-be1f-b090-b1c3-8b0152c0c823}.Debug|Any CPU.Build.0 = Debug|Any CPU
		{8bd54d1d-edf6-57e5-7e7d-4185004f36d2}.Debug|Any CPU.ActiveCfg = Debug|Any CPU
		{8bd54d1d-edf6-57e5-7e7d-4185004f36d2}.Debug|Any CPU.Build.0 = Debug|Any CPU
		{404333de-242d-55d4-6166-f9daf3dcf369}.Debug|Any CPU.ActiveCfg = Debug|Any CPU
		{404333de-242d-55d4-6166-f9daf3dcf369}.Debug|Any CPU.Build.0 = Debug|Any CPU
		{d07ef6d4-19f0-3b12-8550-101cc97ababb}.Debug|Any CPU.ActiveCfg = Debug|Any CPU
		{d07ef6d4-19f0-3b12-8550-101cc97ababb}.Debug|Any CPU.Build.0 = Debug|Any CPU
	EndGlobalSection
	GlobalSection(SolutionProperties) = preSolution
		HideSolutionNode = FALSE
	EndGlobalSection
EndGlobal
