
Microsoft Visual Studio Solution File, Format Version 11.00
# Visual Studio 2010
Project("{FAE04EC0-301F-11D3-BF4B-00C04F79EFBC}") = "Pico.Platform", "Pico.Platform.csproj", "{857bca4d-a7cc-900f-dba7-a678ddd64543}"
EndProject
Project("{FAE04EC0-301F-11D3-BF4B-00C04F79EFBC}") = "Assembly-CSharp", "Assembly-CSharp.csproj", "{032e0adb-91ee-1586-4008-f57ae36f635e}"
EndProject
Project("{FAE04EC0-301F-11D3-BF4B-00C04F79EFBC}") = "Unity.XR.PicoXR", "Unity.XR.PicoXR.csproj", "{feee11e2-d00e-e769-ee04-a02bd2d796ee}"
EndProject
Project("{FAE04EC0-301F-11D3-BF4B-00C04F79EFBC}") = "Unity.XR.PicoXR.Editor", "Unity.XR.PicoXR.Editor.csproj", "{610c5c49-7e73-d1f5-de13-8c126c303b7b}"
EndProject
Project("{FAE04EC0-301F-11D3-BF4B-00C04F79EFBC}") = "Assembly-CSharp-firstpass", "Assembly-CSharp-firstpass.csproj", "{85c2a517-6b16-719e-529a-da99d949dfa7}"
EndProject
Global
	GlobalSection(SolutionConfigurationPlatforms) = preSolution
		Debug|Any CPU = Debug|Any CPU
	EndGlobalSection
	GlobalSection(ProjectConfigurationPlatforms) = postSolution
		{857bca4d-a7cc-900f-dba7-a678ddd64543}.Debug|Any CPU.ActiveCfg = Debug|Any CPU
		{857bca4d-a7cc-900f-dba7-a678ddd64543}.Debug|Any CPU.Build.0 = Debug|Any CPU
		{032e0adb-91ee-1586-4008-f57ae36f635e}.Debug|Any CPU.ActiveCfg = Debug|Any CPU
		{032e0adb-91ee-1586-4008-f57ae36f635e}.Debug|Any CPU.Build.0 = Debug|Any CPU
		{feee11e2-d00e-e769-ee04-a02bd2d796ee}.Debug|Any CPU.ActiveCfg = Debug|Any CPU
		{feee11e2-d00e-e769-ee04-a02bd2d796ee}.Debug|Any CPU.Build.0 = Debug|Any CPU
		{610c5c49-7e73-d1f5-de13-8c126c303b7b}.Debug|Any CPU.ActiveCfg = Debug|Any CPU
		{610c5c49-7e73-d1f5-de13-8c126c303b7b}.Debug|Any CPU.Build.0 = Debug|Any CPU
		{85c2a517-6b16-719e-529a-da99d949dfa7}.Debug|Any CPU.ActiveCfg = Debug|Any CPU
		{85c2a517-6b16-719e-529a-da99d949dfa7}.Debug|Any CPU.Build.0 = Debug|Any CPU
	EndGlobalSection
	GlobalSection(SolutionProperties) = preSolution
		HideSolutionNode = FALSE
	EndGlobalSection
EndGlobal
