
Microsoft Visual Studio Solution File, Format Version 11.00
# Visual Studio 2010
Project("{FAE04EC0-301F-11D3-BF4B-00C04F79EFBC}") = "Pico.Platform", "Pico.Platform.csproj", "{37e4f687-528c-c1d1-33ab-e26e68fe6dae}"
EndProject
Project("{FAE04EC0-301F-11D3-BF4B-00C04F79EFBC}") = "Unity.XR.PicoXR", "Unity.XR.PicoXR.csproj", "{730739cf-638b-7661-47ee-5f8a22e07fe3}"
EndProject
Project("{FAE04EC0-301F-11D3-BF4B-00C04F79EFBC}") = "Pico.Spatializer.Example", "Pico.Spatializer.Example.csproj", "{ff49c3a9-1530-07ed-3248-2eb7c822e3d2}"
EndProject
Project("{FAE04EC0-301F-11D3-BF4B-00C04F79EFBC}") = "Pico.Spatializer", "Pico.Spatializer.csproj", "{fe098fd8-f2e2-228c-6014-4381ec3bd781}"
EndProject
Project("{FAE04EC0-301F-11D3-BF4B-00C04F79EFBC}") = "IngameDebugConsole.Runtime", "IngameDebugConsole.Runtime.csproj", "{d9c012cf-d81c-f873-2ddf-677dfbd1fafd}"
EndProject
Project("{FAE04EC0-301F-11D3-BF4B-00C04F79EFBC}") = "Assembly-CSharp", "Assembly-CSharp.csproj", "{ae219ea7-b277-2c6d-aa9f-5b899b25f107}"
EndProject
Project("{FAE04EC0-301F-11D3-BF4B-00C04F79EFBC}") = "Unity.XR.PicoXR.Editor", "Unity.XR.PicoXR.Editor.csproj", "{23226189-3979-f5f5-7c3b-17ab0c3baaea}"
EndProject
Project("{FAE04EC0-301F-11D3-BF4B-00C04F79EFBC}") = "Pico.Spatializer.Editor", "Pico.Spatializer.Editor.csproj", "{dc4d868c-aa55-bf1d-df7f-9dea6aa200c5}"
EndProject
Project("{FAE04EC0-301F-11D3-BF4B-00C04F79EFBC}") = "IngameDebugConsole.Editor", "IngameDebugConsole.Editor.csproj", "{9a2f6ffe-43bf-dc80-88f2-c983487abc1c}"
EndProject
Global
	GlobalSection(SolutionConfigurationPlatforms) = preSolution
		Debug|Any CPU = Debug|Any CPU
		Release|Any CPU = Release|Any CPU
	EndGlobalSection
	GlobalSection(ProjectConfigurationPlatforms) = postSolution
		{37e4f687-528c-c1d1-33ab-e26e68fe6dae}.Debug|Any CPU.ActiveCfg = Debug|Any CPU
		{37e4f687-528c-c1d1-33ab-e26e68fe6dae}.Debug|Any CPU.Build.0 = Debug|Any CPU
		{37e4f687-528c-c1d1-33ab-e26e68fe6dae}.Release|Any CPU.ActiveCfg = Release|Any CPU
		{37e4f687-528c-c1d1-33ab-e26e68fe6dae}.Release|Any CPU.Build.0 = Release|Any CPU
		{730739cf-638b-7661-47ee-5f8a22e07fe3}.Debug|Any CPU.ActiveCfg = Debug|Any CPU
		{730739cf-638b-7661-47ee-5f8a22e07fe3}.Debug|Any CPU.Build.0 = Debug|Any CPU
		{730739cf-638b-7661-47ee-5f8a22e07fe3}.Release|Any CPU.ActiveCfg = Release|Any CPU
		{730739cf-638b-7661-47ee-5f8a22e07fe3}.Release|Any CPU.Build.0 = Release|Any CPU
		{ff49c3a9-1530-07ed-3248-2eb7c822e3d2}.Debug|Any CPU.ActiveCfg = Debug|Any CPU
		{ff49c3a9-1530-07ed-3248-2eb7c822e3d2}.Debug|Any CPU.Build.0 = Debug|Any CPU
		{ff49c3a9-1530-07ed-3248-2eb7c822e3d2}.Release|Any CPU.ActiveCfg = Release|Any CPU
		{ff49c3a9-1530-07ed-3248-2eb7c822e3d2}.Release|Any CPU.Build.0 = Release|Any CPU
		{fe098fd8-f2e2-228c-6014-4381ec3bd781}.Debug|Any CPU.ActiveCfg = Debug|Any CPU
		{fe098fd8-f2e2-228c-6014-4381ec3bd781}.Debug|Any CPU.Build.0 = Debug|Any CPU
		{fe098fd8-f2e2-228c-6014-4381ec3bd781}.Release|Any CPU.ActiveCfg = Release|Any CPU
		{fe098fd8-f2e2-228c-6014-4381ec3bd781}.Release|Any CPU.Build.0 = Release|Any CPU
		{d9c012cf-d81c-f873-2ddf-677dfbd1fafd}.Debug|Any CPU.ActiveCfg = Debug|Any CPU
		{d9c012cf-d81c-f873-2ddf-677dfbd1fafd}.Debug|Any CPU.Build.0 = Debug|Any CPU
		{d9c012cf-d81c-f873-2ddf-677dfbd1fafd}.Release|Any CPU.ActiveCfg = Release|Any CPU
		{d9c012cf-d81c-f873-2ddf-677dfbd1fafd}.Release|Any CPU.Build.0 = Release|Any CPU
		{ae219ea7-b277-2c6d-aa9f-5b899b25f107}.Debug|Any CPU.ActiveCfg = Debug|Any CPU
		{ae219ea7-b277-2c6d-aa9f-5b899b25f107}.Debug|Any CPU.Build.0 = Debug|Any CPU
		{ae219ea7-b277-2c6d-aa9f-5b899b25f107}.Release|Any CPU.ActiveCfg = Release|Any CPU
		{ae219ea7-b277-2c6d-aa9f-5b899b25f107}.Release|Any CPU.Build.0 = Release|Any CPU
		{23226189-3979-f5f5-7c3b-17ab0c3baaea}.Debug|Any CPU.ActiveCfg = Debug|Any CPU
		{23226189-3979-f5f5-7c3b-17ab0c3baaea}.Debug|Any CPU.Build.0 = Debug|Any CPU
		{23226189-3979-f5f5-7c3b-17ab0c3baaea}.Release|Any CPU.ActiveCfg = Release|Any CPU
		{23226189-3979-f5f5-7c3b-17ab0c3baaea}.Release|Any CPU.Build.0 = Release|Any CPU
		{dc4d868c-aa55-bf1d-df7f-9dea6aa200c5}.Debug|Any CPU.ActiveCfg = Debug|Any CPU
		{dc4d868c-aa55-bf1d-df7f-9dea6aa200c5}.Debug|Any CPU.Build.0 = Debug|Any CPU
		{dc4d868c-aa55-bf1d-df7f-9dea6aa200c5}.Release|Any CPU.ActiveCfg = Release|Any CPU
		{dc4d868c-aa55-bf1d-df7f-9dea6aa200c5}.Release|Any CPU.Build.0 = Release|Any CPU
		{9a2f6ffe-43bf-dc80-88f2-c983487abc1c}.Debug|Any CPU.ActiveCfg = Debug|Any CPU
		{9a2f6ffe-43bf-dc80-88f2-c983487abc1c}.Debug|Any CPU.Build.0 = Debug|Any CPU
		{9a2f6ffe-43bf-dc80-88f2-c983487abc1c}.Release|Any CPU.ActiveCfg = Release|Any CPU
		{9a2f6ffe-43bf-dc80-88f2-c983487abc1c}.Release|Any CPU.Build.0 = Release|Any CPU
	EndGlobalSection
	GlobalSection(SolutionProperties) = preSolution
		HideSolutionNode = FALSE
	EndGlobalSection
EndGlobal
